
Microsoft Visual Studio Solution File, Format Version 12.00
# Visual Studio 15
VisualStudioVersion = 15.0.28307.136
MinimumVisualStudioVersion = 10.0.40219.1
Project("{FAE04EC0-301F-11D3-BF4B-00C04F79EFBC}") = "SampleProject", "SampleProject\SampleProject.csproj", "{1FE54F82-98B9-4E5D-9CAA-A0B1003A3251}"
EndProject
Global
	GlobalSection(SolutionConfigurationPlatforms) = preSolution
		Debug|Any CPU = Debug|Any CPU
		Release|Any CPU = Release|Any CPU
	EndGlobalSection
	GlobalSection(ProjectConfigurationPlatforms) = postSolution
		{1FE54F82-98B9-4E5D-9CAA-A0B1003A3251}.Debug|Any CPU.ActiveCfg = Debug|Any CPU
		{1FE54F82-98B9-4E5D-9CAA-A0B1003A3251}.Debug|Any CPU.Build.0 = Debug|Any CPU
		{1FE54F82-98B9-4E5D-9CAA-A0B1003A3251}.Release|Any CPU.ActiveCfg = Release|Any CPU
		{1FE54F82-98B9-4E5D-9CAA-A0B1003A3251}.Release|Any CPU.Build.0 = Release|Any CPU
	EndGlobalSection
	GlobalSection(SolutionProperties) = preSolution
		HideSolutionNode = FALSE
	EndGlobalSection
	GlobalSection(ExtensibilityGlobals) = postSolution
		SolutionGuid = {6DCFDFD2-7A73-40AC-A20E-3FFDEF847527}
	EndGlobalSection
EndGlobal
